
Microsoft Visual Studio Solution File, Format Version 12.00
Project("{FAE04EC0-301F-11D3-BF4B-00C04F79EFBC}") = "Dddreams.Domain", "Dddreams.Domain\Dddreams.Domain.csproj", "{78FD7AAF-254C-4D75-A67B-C0C80C7BE00F}"
EndProject
Project("{FAE04EC0-301F-11D3-BF4B-00C04F79EFBC}") = "Dddreams.Application", "Dddreams.Application\Dddreams.Application.csproj", "{4FF2E643-ADAA-4EAF-9547-4C073BF80F81}"
EndProject
Project("{2150E333-8FDC-42A3-9474-1A3956D46DE8}") = "Core", "Core", "{B9F80593-4CA9-472A-A2F7-8A074252E769}"
EndProject
Project("{2150E333-8FDC-42A3-9474-1A3956D46DE8}") = "Infrastructure ", "Infrastructure ", "{4DCF23CD-66A4-4BC8-A41B-90B5B551D566}"
EndProject
Project("{FAE04EC0-301F-11D3-BF4B-00C04F79EFBC}") = "Dddreams.Infrastructure", "Dddreams.Infrastructure\Dddreams.Infrastructure.csproj", "{EF7D64A4-3CB3-4C7E-8C8B-F5400C1B0AFD}"
EndProject
Project("{FAE04EC0-301F-11D3-BF4B-00C04F79EFBC}") = "Ddreams.Persistence", "Ddreams.Persistence\Ddreams.Persistence.csproj", "{BF9C0D4A-98FB-4828-8981-84E4D6077E5D}"
EndProject
Project("{2150E333-8FDC-42A3-9474-1A3956D46DE8}") = "Shared ", "Shared ", "{FC848283-F327-441D-AF64-C31087A1B4EA}"
EndProject
Project("{FAE04EC0-301F-11D3-BF4B-00C04F79EFBC}") = "Dddreams.Shared", "Dddreams.Shared\Dddreams.Shared.csproj", "{360C4CDE-60B4-4795-BF06-8B22BD3E887F}"
EndProject
Project("{2150E333-8FDC-42A3-9474-1A3956D46DE8}") = "Presentation ", "Presentation ", "{12517353-ABC8-43B9-A0B7-E66CB13D53F7}"
EndProject
Project("{FAE04EC0-301F-11D3-BF4B-00C04F79EFBC}") = "Dddreams.WebApi", "Dddreams.WebApi\Dddreams.WebApi.csproj", "{D3E26089-BF98-4BF0-9E3A-55C0B83BCA24}"
EndProject
Global
	GlobalSection(SolutionConfigurationPlatforms) = preSolution
		Debug|Any CPU = Debug|Any CPU
		Release|Any CPU = Release|Any CPU
	EndGlobalSection
	GlobalSection(ProjectConfigurationPlatforms) = postSolution
		{78FD7AAF-254C-4D75-A67B-C0C80C7BE00F}.Debug|Any CPU.ActiveCfg = Debug|Any CPU
		{78FD7AAF-254C-4D75-A67B-C0C80C7BE00F}.Debug|Any CPU.Build.0 = Debug|Any CPU
		{78FD7AAF-254C-4D75-A67B-C0C80C7BE00F}.Release|Any CPU.ActiveCfg = Release|Any CPU
		{78FD7AAF-254C-4D75-A67B-C0C80C7BE00F}.Release|Any CPU.Build.0 = Release|Any CPU
		{4FF2E643-ADAA-4EAF-9547-4C073BF80F81}.Debug|Any CPU.ActiveCfg = Debug|Any CPU
		{4FF2E643-ADAA-4EAF-9547-4C073BF80F81}.Debug|Any CPU.Build.0 = Debug|Any CPU
		{4FF2E643-ADAA-4EAF-9547-4C073BF80F81}.Release|Any CPU.ActiveCfg = Release|Any CPU
		{4FF2E643-ADAA-4EAF-9547-4C073BF80F81}.Release|Any CPU.Build.0 = Release|Any CPU
		{EF7D64A4-3CB3-4C7E-8C8B-F5400C1B0AFD}.Debug|Any CPU.ActiveCfg = Debug|Any CPU
		{EF7D64A4-3CB3-4C7E-8C8B-F5400C1B0AFD}.Debug|Any CPU.Build.0 = Debug|Any CPU
		{EF7D64A4-3CB3-4C7E-8C8B-F5400C1B0AFD}.Release|Any CPU.ActiveCfg = Release|Any CPU
		{EF7D64A4-3CB3-4C7E-8C8B-F5400C1B0AFD}.Release|Any CPU.Build.0 = Release|Any CPU
		{BF9C0D4A-98FB-4828-8981-84E4D6077E5D}.Debug|Any CPU.ActiveCfg = Debug|Any CPU
		{BF9C0D4A-98FB-4828-8981-84E4D6077E5D}.Debug|Any CPU.Build.0 = Debug|Any CPU
		{BF9C0D4A-98FB-4828-8981-84E4D6077E5D}.Release|Any CPU.ActiveCfg = Release|Any CPU
		{BF9C0D4A-98FB-4828-8981-84E4D6077E5D}.Release|Any CPU.Build.0 = Release|Any CPU
		{360C4CDE-60B4-4795-BF06-8B22BD3E887F}.Debug|Any CPU.ActiveCfg = Debug|Any CPU
		{360C4CDE-60B4-4795-BF06-8B22BD3E887F}.Debug|Any CPU.Build.0 = Debug|Any CPU
		{360C4CDE-60B4-4795-BF06-8B22BD3E887F}.Release|Any CPU.ActiveCfg = Release|Any CPU
		{360C4CDE-60B4-4795-BF06-8B22BD3E887F}.Release|Any CPU.Build.0 = Release|Any CPU
		{D3E26089-BF98-4BF0-9E3A-55C0B83BCA24}.Debug|Any CPU.ActiveCfg = Debug|Any CPU
		{D3E26089-BF98-4BF0-9E3A-55C0B83BCA24}.Debug|Any CPU.Build.0 = Debug|Any CPU
		{D3E26089-BF98-4BF0-9E3A-55C0B83BCA24}.Release|Any CPU.ActiveCfg = Release|Any CPU
		{D3E26089-BF98-4BF0-9E3A-55C0B83BCA24}.Release|Any CPU.Build.0 = Release|Any CPU
	EndGlobalSection
	GlobalSection(NestedProjects) = preSolution
		{4FF2E643-ADAA-4EAF-9547-4C073BF80F81} = {B9F80593-4CA9-472A-A2F7-8A074252E769}
		{78FD7AAF-254C-4D75-A67B-C0C80C7BE00F} = {B9F80593-4CA9-472A-A2F7-8A074252E769}
		{EF7D64A4-3CB3-4C7E-8C8B-F5400C1B0AFD} = {4DCF23CD-66A4-4BC8-A41B-90B5B551D566}
		{BF9C0D4A-98FB-4828-8981-84E4D6077E5D} = {4DCF23CD-66A4-4BC8-A41B-90B5B551D566}
		{360C4CDE-60B4-4795-BF06-8B22BD3E887F} = {FC848283-F327-441D-AF64-C31087A1B4EA}
		{D3E26089-BF98-4BF0-9E3A-55C0B83BCA24} = {12517353-ABC8-43B9-A0B7-E66CB13D53F7}
	EndGlobalSection
EndGlobal
